// !$*UTF8*$!
{
	archiveVersion = 1;
	classes = {
	};
	objectVersion = 55;
	objects = {

/* Begin PBXBuildFile section */
		3D0FA0A228AA3425000DF2A3 /* MockUrlProtocol.swift in Sources */ = {isa = PBXBuildFile; fileRef = 3D0FA0A128AA3425000DF2A3 /* MockUrlProtocol.swift */; };
		3D0FA0A628AA3B5A000DF2A3 /* Weather.json in Resources */ = {isa = PBXBuildFile; fileRef = 3D0FA0A528AA3B5A000DF2A3 /* Weather.json */; };
		3D0FA0A828AA3EB6000DF2A3 /* WeatherBad.json in Resources */ = {isa = PBXBuildFile; fileRef = 3D0FA0A728AA3EB6000DF2A3 /* WeatherBad.json */; };
		3D0FA0AA28AA67C7000DF2A3 /* Forecast.json in Resources */ = {isa = PBXBuildFile; fileRef = 3D0FA0A928AA67C7000DF2A3 /* Forecast.json */; };
		3D0FA0AC28AA6DE2000DF2A3 /* WeatherViewModel.swift in Sources */ = {isa = PBXBuildFile; fileRef = 3D0FA0AB28AA6DE2000DF2A3 /* WeatherViewModel.swift */; };
		3D1F840E28AF7F98002E5715 /* NotificationsView.swift in Sources */ = {isa = PBXBuildFile; fileRef = 3D1F840D28AF7F98002E5715 /* NotificationsView.swift */; };
		3D1F841028AF7FC1002E5715 /* NotificationsViewModel.swift in Sources */ = {isa = PBXBuildFile; fileRef = 3D1F840F28AF7FC1002E5715 /* NotificationsViewModel.swift */; };
		3D39386828AB7F710092F4E0 /* Database.xcdatamodeld in Sources */ = {isa = PBXBuildFile; fileRef = 3D39386628AB7F710092F4E0 /* Database.xcdatamodeld */; };
		3D39386A28AB819E0092F4E0 /* DatabaseManager.swift in Sources */ = {isa = PBXBuildFile; fileRef = 3D39386928AB819E0092F4E0 /* DatabaseManager.swift */; };
		3D39386C28ABBD830092F4E0 /* WeatherDetailViewModel.swift in Sources */ = {isa = PBXBuildFile; fileRef = 3D39386B28ABBD830092F4E0 /* WeatherDetailViewModel.swift */; };
		3D6586EA28A4F0EB001312F3 /* WeatherDetailRow.swift in Sources */ = {isa = PBXBuildFile; fileRef = 3D6586E928A4F0EB001312F3 /* WeatherDetailRow.swift */; };
		3D6586EE28A50CA4001312F3 /* SearchField.swift in Sources */ = {isa = PBXBuildFile; fileRef = 3D6586ED28A50CA4001312F3 /* SearchField.swift */; };
		3D6586F128A5113D001312F3 /* WeatherAPI.swift in Sources */ = {isa = PBXBuildFile; fileRef = 3D6586F028A5113D001312F3 /* WeatherAPI.swift */; };
		3D6586F428A51BA7001312F3 /* Weather.swift in Sources */ = {isa = PBXBuildFile; fileRef = 3D6586F328A51BA7001312F3 /* Weather.swift */; };
		3D6586F628A5272B001312F3 /* Forecast.swift in Sources */ = {isa = PBXBuildFile; fileRef = 3D6586F528A5272B001312F3 /* Forecast.swift */; };
		3D6586F828A53BAF001312F3 /* ForecastView.swift in Sources */ = {isa = PBXBuildFile; fileRef = 3D6586F728A53BAF001312F3 /* ForecastView.swift */; };
		3DF405D728A3DD5A007F1473 /* WeatherAppApp.swift in Sources */ = {isa = PBXBuildFile; fileRef = 3DF405D628A3DD5A007F1473 /* WeatherAppApp.swift */; };
		3DF405D928A3DD5A007F1473 /* ContentView.swift in Sources */ = {isa = PBXBuildFile; fileRef = 3DF405D828A3DD5A007F1473 /* ContentView.swift */; };
		3DF405DB28A3DD5D007F1473 /* Assets.xcassets in Resources */ = {isa = PBXBuildFile; fileRef = 3DF405DA28A3DD5D007F1473 /* Assets.xcassets */; };
		3DF405DE28A3DD5D007F1473 /* Preview Assets.xcassets in Resources */ = {isa = PBXBuildFile; fileRef = 3DF405DD28A3DD5D007F1473 /* Preview Assets.xcassets */; };
		3DF405E828A3DD5D007F1473 /* WeatherAppTests.swift in Sources */ = {isa = PBXBuildFile; fileRef = 3DF405E728A3DD5D007F1473 /* WeatherAppTests.swift */; };
		3DF405F228A3DD5D007F1473 /* WeatherAppUITests.swift in Sources */ = {isa = PBXBuildFile; fileRef = 3DF405F128A3DD5D007F1473 /* WeatherAppUITests.swift */; };
		3DF405F428A3DD5D007F1473 /* WeatherAppUITestsLaunchTests.swift in Sources */ = {isa = PBXBuildFile; fileRef = 3DF405F328A3DD5D007F1473 /* WeatherAppUITestsLaunchTests.swift */; };
		3DF4060128A3E781007F1473 /* WeatherDetailView.swift in Sources */ = {isa = PBXBuildFile; fileRef = 3DF4060028A3E781007F1473 /* WeatherDetailView.swift */; };
/* End PBXBuildFile section */

/* Begin PBXContainerItemProxy section */
		3DF405E428A3DD5D007F1473 /* PBXContainerItemProxy */ = {
			isa = PBXContainerItemProxy;
			containerPortal = 3DF405CB28A3DD5A007F1473 /* Project object */;
			proxyType = 1;
			remoteGlobalIDString = 3DF405D228A3DD5A007F1473;
			remoteInfo = WeatherApp;
		};
		3DF405EE28A3DD5D007F1473 /* PBXContainerItemProxy */ = {
			isa = PBXContainerItemProxy;
			containerPortal = 3DF405CB28A3DD5A007F1473 /* Project object */;
			proxyType = 1;
			remoteGlobalIDString = 3DF405D228A3DD5A007F1473;
			remoteInfo = WeatherApp;
		};
/* End PBXContainerItemProxy section */

/* Begin PBXFileReference section */
		3D0FA0A128AA3425000DF2A3 /* MockUrlProtocol.swift */ = {isa = PBXFileReference; fileEncoding = 4; lastKnownFileType = sourcecode.swift; path = MockUrlProtocol.swift; sourceTree = "<group>"; };
		3D0FA0A528AA3B5A000DF2A3 /* Weather.json */ = {isa = PBXFileReference; fileEncoding = 4; lastKnownFileType = text.json; path = Weather.json; sourceTree = "<group>"; };
		3D0FA0A728AA3EB6000DF2A3 /* WeatherBad.json */ = {isa = PBXFileReference; lastKnownFileType = text.json; path = WeatherBad.json; sourceTree = "<group>"; };
		3D0FA0A928AA67C7000DF2A3 /* Forecast.json */ = {isa = PBXFileReference; lastKnownFileType = text.json; path = Forecast.json; sourceTree = "<group>"; };
		3D0FA0AB28AA6DE2000DF2A3 /* WeatherViewModel.swift */ = {isa = PBXFileReference; lastKnownFileType = sourcecode.swift; path = WeatherViewModel.swift; sourceTree = "<group>"; };
		3D1F840D28AF7F98002E5715 /* NotificationsView.swift */ = {isa = PBXFileReference; lastKnownFileType = sourcecode.swift; path = NotificationsView.swift; sourceTree = "<group>"; };
		3D1F840F28AF7FC1002E5715 /* NotificationsViewModel.swift */ = {isa = PBXFileReference; lastKnownFileType = sourcecode.swift; path = NotificationsViewModel.swift; sourceTree = "<group>"; };
		3D39386728AB7F710092F4E0 /* Databse.xcdatamodel */ = {isa = PBXFileReference; lastKnownFileType = wrapper.xcdatamodel; path = Databse.xcdatamodel; sourceTree = "<group>"; };
		3D39386928AB819E0092F4E0 /* DatabaseManager.swift */ = {isa = PBXFileReference; lastKnownFileType = sourcecode.swift; path = DatabaseManager.swift; sourceTree = "<group>"; };
		3D39386B28ABBD830092F4E0 /* WeatherDetailViewModel.swift */ = {isa = PBXFileReference; lastKnownFileType = sourcecode.swift; path = WeatherDetailViewModel.swift; sourceTree = "<group>"; };
		3D6586E928A4F0EB001312F3 /* WeatherDetailRow.swift */ = {isa = PBXFileReference; lastKnownFileType = sourcecode.swift; path = WeatherDetailRow.swift; sourceTree = "<group>"; };
		3D6586ED28A50CA4001312F3 /* SearchField.swift */ = {isa = PBXFileReference; lastKnownFileType = sourcecode.swift; path = SearchField.swift; sourceTree = "<group>"; };
		3D6586F028A5113D001312F3 /* WeatherAPI.swift */ = {isa = PBXFileReference; lastKnownFileType = sourcecode.swift; path = WeatherAPI.swift; sourceTree = "<group>"; };
		3D6586F328A51BA7001312F3 /* Weather.swift */ = {isa = PBXFileReference; lastKnownFileType = sourcecode.swift; path = Weather.swift; sourceTree = "<group>"; };
		3D6586F528A5272B001312F3 /* Forecast.swift */ = {isa = PBXFileReference; lastKnownFileType = sourcecode.swift; path = Forecast.swift; sourceTree = "<group>"; };
		3D6586F728A53BAF001312F3 /* ForecastView.swift */ = {isa = PBXFileReference; lastKnownFileType = sourcecode.swift; path = ForecastView.swift; sourceTree = "<group>"; };
		3DF405D328A3DD5A007F1473 /* WeatherApp.app */ = {isa = PBXFileReference; explicitFileType = wrapper.application; includeInIndex = 0; path = WeatherApp.app; sourceTree = BUILT_PRODUCTS_DIR; };
		3DF405D628A3DD5A007F1473 /* WeatherAppApp.swift */ = {isa = PBXFileReference; lastKnownFileType = sourcecode.swift; path = WeatherAppApp.swift; sourceTree = "<group>"; };
		3DF405D828A3DD5A007F1473 /* ContentView.swift */ = {isa = PBXFileReference; lastKnownFileType = sourcecode.swift; path = ContentView.swift; sourceTree = "<group>"; };
		3DF405DA28A3DD5D007F1473 /* Assets.xcassets */ = {isa = PBXFileReference; lastKnownFileType = folder.assetcatalog; path = Assets.xcassets; sourceTree = "<group>"; };
		3DF405DD28A3DD5D007F1473 /* Preview Assets.xcassets */ = {isa = PBXFileReference; lastKnownFileType = folder.assetcatalog; path = "Preview Assets.xcassets"; sourceTree = "<group>"; };
		3DF405E328A3DD5D007F1473 /* WeatherAppTests.xctest */ = {isa = PBXFileReference; explicitFileType = wrapper.cfbundle; includeInIndex = 0; path = WeatherAppTests.xctest; sourceTree = BUILT_PRODUCTS_DIR; };
		3DF405E728A3DD5D007F1473 /* WeatherAppTests.swift */ = {isa = PBXFileReference; lastKnownFileType = sourcecode.swift; path = WeatherAppTests.swift; sourceTree = "<group>"; };
		3DF405ED28A3DD5D007F1473 /* WeatherAppUITests.xctest */ = {isa = PBXFileReference; explicitFileType = wrapper.cfbundle; includeInIndex = 0; path = WeatherAppUITests.xctest; sourceTree = BUILT_PRODUCTS_DIR; };
		3DF405F128A3DD5D007F1473 /* WeatherAppUITests.swift */ = {isa = PBXFileReference; lastKnownFileType = sourcecode.swift; path = WeatherAppUITests.swift; sourceTree = "<group>"; };
		3DF405F328A3DD5D007F1473 /* WeatherAppUITestsLaunchTests.swift */ = {isa = PBXFileReference; lastKnownFileType = sourcecode.swift; path = WeatherAppUITestsLaunchTests.swift; sourceTree = "<group>"; };
		3DF4060028A3E781007F1473 /* WeatherDetailView.swift */ = {isa = PBXFileReference; lastKnownFileType = sourcecode.swift; path = WeatherDetailView.swift; sourceTree = "<group>"; };
/* End PBXFileReference section */

/* Begin PBXFrameworksBuildPhase section */
		3DF405D028A3DD5A007F1473 /* Frameworks */ = {
			isa = PBXFrameworksBuildPhase;
			buildActionMask = 2147483647;
			files = (
			);
			runOnlyForDeploymentPostprocessing = 0;
		};
		3DF405E028A3DD5D007F1473 /* Frameworks */ = {
			isa = PBXFrameworksBuildPhase;
			buildActionMask = 2147483647;
			files = (
			);
			runOnlyForDeploymentPostprocessing = 0;
		};
		3DF405EA28A3DD5D007F1473 /* Frameworks */ = {
			isa = PBXFrameworksBuildPhase;
			buildActionMask = 2147483647;
			files = (
			);
			runOnlyForDeploymentPostprocessing = 0;
		};
/* End PBXFrameworksBuildPhase section */

/* Begin PBXGroup section */
		3D0FA0AD28AA6DE9000DF2A3 /* Model */ = {
			isa = PBXGroup;
			children = (
				3D0FA0AB28AA6DE2000DF2A3 /* WeatherViewModel.swift */,
				3D39386B28ABBD830092F4E0 /* WeatherDetailViewModel.swift */,
			);
			path = Model;
			sourceTree = "<group>";
		};
		3D1F840C28AF7F59002E5715 /* Notifications */ = {
			isa = PBXGroup;
			children = (
				3D1F840D28AF7F98002E5715 /* NotificationsView.swift */,
				3D1F840F28AF7FC1002E5715 /* NotificationsViewModel.swift */,
			);
			path = Notifications;
			sourceTree = "<group>";
		};
		3D39386528AB7F460092F4E0 /* Database */ = {
			isa = PBXGroup;
			children = (
				3D39386628AB7F710092F4E0 /* Database.xcdatamodeld */,
				3D39386928AB819E0092F4E0 /* DatabaseManager.swift */,
			);
			path = Database;
			sourceTree = "<group>";
		};
		3D6586EB28A4F152001312F3 /* WeatherDetail */ = {
			isa = PBXGroup;
			children = (
				3DF4060028A3E781007F1473 /* WeatherDetailView.swift */,
				3D6586E928A4F0EB001312F3 /* WeatherDetailRow.swift */,
			);
			path = WeatherDetail;
			sourceTree = "<group>";
		};
		3D6586EC28A50C78001312F3 /* Views */ = {
			isa = PBXGroup;
			children = (
				3D6586EB28A4F152001312F3 /* WeatherDetail */,
				3DF405D828A3DD5A007F1473 /* ContentView.swift */,
				3D6586ED28A50CA4001312F3 /* SearchField.swift */,
				3D6586F728A53BAF001312F3 /* ForecastView.swift */,
			);
			path = Views;
			sourceTree = "<group>";
		};
		3D6586EF28A51118001312F3 /* WeatherAPI */ = {
			isa = PBXGroup;
			children = (
				3D6586F228A51B7E001312F3 /* Response */,
				3D6586F028A5113D001312F3 /* WeatherAPI.swift */,
			);
			path = WeatherAPI;
			sourceTree = "<group>";
		};
		3D6586F228A51B7E001312F3 /* Response */ = {
			isa = PBXGroup;
			children = (
				3D6586F328A51BA7001312F3 /* Weather.swift */,
				3D6586F528A5272B001312F3 /* Forecast.swift */,
			);
			path = Response;
			sourceTree = "<group>";
		};
		3DF405CA28A3DD5A007F1473 = {
			isa = PBXGroup;
			children = (
				3DF405D528A3DD5A007F1473 /* WeatherApp */,
				3DF405E628A3DD5D007F1473 /* WeatherAppTests */,
				3DF405F028A3DD5D007F1473 /* WeatherAppUITests */,
				3DF405D428A3DD5A007F1473 /* Products */,
			);
			sourceTree = "<group>";
		};
		3DF405D428A3DD5A007F1473 /* Products */ = {
			isa = PBXGroup;
			children = (
				3DF405D328A3DD5A007F1473 /* WeatherApp.app */,
				3DF405E328A3DD5D007F1473 /* WeatherAppTests.xctest */,
				3DF405ED28A3DD5D007F1473 /* WeatherAppUITests.xctest */,
			);
			name = Products;
			sourceTree = "<group>";
		};
		3DF405D528A3DD5A007F1473 /* WeatherApp */ = {
			isa = PBXGroup;
			children = (
				3D1F840C28AF7F59002E5715 /* Notifications */,
				3D39386528AB7F460092F4E0 /* Database */,
				3D0FA0AD28AA6DE9000DF2A3 /* Model */,
				3D6586EF28A51118001312F3 /* WeatherAPI */,
				3D6586EC28A50C78001312F3 /* Views */,
				3DF405D628A3DD5A007F1473 /* WeatherAppApp.swift */,
				3DF405DA28A3DD5D007F1473 /* Assets.xcassets */,
				3DF405DC28A3DD5D007F1473 /* Preview Content */,
			);
			path = WeatherApp;
			sourceTree = "<group>";
		};
		3DF405DC28A3DD5D007F1473 /* Preview Content */ = {
			isa = PBXGroup;
			children = (
				3DF405DD28A3DD5D007F1473 /* Preview Assets.xcassets */,
			);
			path = "Preview Content";
			sourceTree = "<group>";
		};
		3DF405E628A3DD5D007F1473 /* WeatherAppTests */ = {
			isa = PBXGroup;
			children = (
				3DF405E728A3DD5D007F1473 /* WeatherAppTests.swift */,
				3D0FA0A128AA3425000DF2A3 /* MockUrlProtocol.swift */,
				3D0FA0A528AA3B5A000DF2A3 /* Weather.json */,
				3D0FA0A728AA3EB6000DF2A3 /* WeatherBad.json */,
				3D0FA0A928AA67C7000DF2A3 /* Forecast.json */,
			);
			path = WeatherAppTests;
			sourceTree = "<group>";
		};
		3DF405F028A3DD5D007F1473 /* WeatherAppUITests */ = {
			isa = PBXGroup;
			children = (
				3DF405F128A3DD5D007F1473 /* WeatherAppUITests.swift */,
				3DF405F328A3DD5D007F1473 /* WeatherAppUITestsLaunchTests.swift */,
			);
			path = WeatherAppUITests;
			sourceTree = "<group>";
		};
/* End PBXGroup section */

/* Begin PBXNativeTarget section */
		3DF405D228A3DD5A007F1473 /* WeatherApp */ = {
			isa = PBXNativeTarget;
			buildConfigurationList = 3DF405F728A3DD5D007F1473 /* Build configuration list for PBXNativeTarget "WeatherApp" */;
			buildPhases = (
				3DF405CF28A3DD5A007F1473 /* Sources */,
				3DF405D028A3DD5A007F1473 /* Frameworks */,
				3DF405D128A3DD5A007F1473 /* Resources */,
			);
			buildRules = (
			);
			dependencies = (
			);
			name = WeatherApp;
			packageProductDependencies = (
			);
			productName = WeatherApp;
			productReference = 3DF405D328A3DD5A007F1473 /* WeatherApp.app */;
			productType = "com.apple.product-type.application";
		};
		3DF405E228A3DD5D007F1473 /* WeatherAppTests */ = {
			isa = PBXNativeTarget;
			buildConfigurationList = 3DF405FA28A3DD5D007F1473 /* Build configuration list for PBXNativeTarget "WeatherAppTests" */;
			buildPhases = (
				3DF405DF28A3DD5D007F1473 /* Sources */,
				3DF405E028A3DD5D007F1473 /* Frameworks */,
				3DF405E128A3DD5D007F1473 /* Resources */,
			);
			buildRules = (
			);
			dependencies = (
				3DF405E528A3DD5D007F1473 /* PBXTargetDependency */,
			);
			name = WeatherAppTests;
			productName = WeatherAppTests;
			productReference = 3DF405E328A3DD5D007F1473 /* WeatherAppTests.xctest */;
			productType = "com.apple.product-type.bundle.unit-test";
		};
		3DF405EC28A3DD5D007F1473 /* WeatherAppUITests */ = {
			isa = PBXNativeTarget;
			buildConfigurationList = 3DF405FD28A3DD5D007F1473 /* Build configuration list for PBXNativeTarget "WeatherAppUITests" */;
			buildPhases = (
				3DF405E928A3DD5D007F1473 /* Sources */,
				3DF405EA28A3DD5D007F1473 /* Frameworks */,
				3DF405EB28A3DD5D007F1473 /* Resources */,
			);
			buildRules = (
			);
			dependencies = (
				3DF405EF28A3DD5D007F1473 /* PBXTargetDependency */,
			);
			name = WeatherAppUITests;
			productName = WeatherAppUITests;
			productReference = 3DF405ED28A3DD5D007F1473 /* WeatherAppUITests.xctest */;
			productType = "com.apple.product-type.bundle.ui-testing";
		};
/* End PBXNativeTarget section */

/* Begin PBXProject section */
		3DF405CB28A3DD5A007F1473 /* Project object */ = {
			isa = PBXProject;
			attributes = {
				BuildIndependentTargetsInParallel = 1;
				LastSwiftUpdateCheck = 1340;
				LastUpgradeCheck = 1340;
				TargetAttributes = {
					3DF405D228A3DD5A007F1473 = {
						CreatedOnToolsVersion = 13.4.1;
					};
					3DF405E228A3DD5D007F1473 = {
						CreatedOnToolsVersion = 13.4.1;
						TestTargetID = 3DF405D228A3DD5A007F1473;
					};
					3DF405EC28A3DD5D007F1473 = {
						CreatedOnToolsVersion = 13.4.1;
						TestTargetID = 3DF405D228A3DD5A007F1473;
					};
				};
			};
			buildConfigurationList = 3DF405CE28A3DD5A007F1473 /* Build configuration list for PBXProject "WeatherApp" */;
			compatibilityVersion = "Xcode 13.0";
			developmentRegion = en;
			hasScannedForEncodings = 0;
			knownRegions = (
				en,
				Base,
			);
			mainGroup = 3DF405CA28A3DD5A007F1473;
			packageReferences = (
			);
			productRefGroup = 3DF405D428A3DD5A007F1473 /* Products */;
			projectDirPath = "";
			projectRoot = "";
			targets = (
				3DF405D228A3DD5A007F1473 /* WeatherApp */,
				3DF405E228A3DD5D007F1473 /* WeatherAppTests */,
				3DF405EC28A3DD5D007F1473 /* WeatherAppUITests */,
			);
		};
/* End PBXProject section */

/* Begin PBXResourcesBuildPhase section */
		3DF405D128A3DD5A007F1473 /* Resources */ = {
			isa = PBXResourcesBuildPhase;
			buildActionMask = 2147483647;
			files = (
				3DF405DE28A3DD5D007F1473 /* Preview Assets.xcassets in Resources */,
				3DF405DB28A3DD5D007F1473 /* Assets.xcassets in Resources */,
			);
			runOnlyForDeploymentPostprocessing = 0;
		};
		3DF405E128A3DD5D007F1473 /* Resources */ = {
			isa = PBXResourcesBuildPhase;
			buildActionMask = 2147483647;
			files = (
				3D0FA0A828AA3EB6000DF2A3 /* WeatherBad.json in Resources */,
				3D0FA0AA28AA67C7000DF2A3 /* Forecast.json in Resources */,
				3D0FA0A628AA3B5A000DF2A3 /* Weather.json in Resources */,
			);
			runOnlyForDeploymentPostprocessing = 0;
		};
		3DF405EB28A3DD5D007F1473 /* Resources */ = {
			isa = PBXResourcesBuildPhase;
			buildActionMask = 2147483647;
			files = (
			);
			runOnlyForDeploymentPostprocessing = 0;
		};
/* End PBXResourcesBuildPhase section */

/* Begin PBXSourcesBuildPhase section */
		3DF405CF28A3DD5A007F1473 /* Sources */ = {
			isa = PBXSourcesBuildPhase;
			buildActionMask = 2147483647;
			files = (
				3D6586F628A5272B001312F3 /* Forecast.swift in Sources */,
				3D6586EA28A4F0EB001312F3 /* WeatherDetailRow.swift in Sources */,
				3D6586EE28A50CA4001312F3 /* SearchField.swift in Sources */,
				3DF4060128A3E781007F1473 /* WeatherDetailView.swift in Sources */,
				3D39386828AB7F710092F4E0 /* Database.xcdatamodeld in Sources */,
				3D1F841028AF7FC1002E5715 /* NotificationsViewModel.swift in Sources */,
				3D6586F128A5113D001312F3 /* WeatherAPI.swift in Sources */,
				3D0FA0AC28AA6DE2000DF2A3 /* WeatherViewModel.swift in Sources */,
				3D6586F828A53BAF001312F3 /* ForecastView.swift in Sources */,
				3D39386A28AB819E0092F4E0 /* DatabaseManager.swift in Sources */,
				3DF405D928A3DD5A007F1473 /* ContentView.swift in Sources */,
				3DF405D728A3DD5A007F1473 /* WeatherAppApp.swift in Sources */,
				3D6586F428A51BA7001312F3 /* Weather.swift in Sources */,
				3D39386C28ABBD830092F4E0 /* WeatherDetailViewModel.swift in Sources */,
				3D1F840E28AF7F98002E5715 /* NotificationsView.swift in Sources */,
			);
			runOnlyForDeploymentPostprocessing = 0;
		};
		3DF405DF28A3DD5D007F1473 /* Sources */ = {
			isa = PBXSourcesBuildPhase;
			buildActionMask = 2147483647;
			files = (
				3DF405E828A3DD5D007F1473 /* WeatherAppTests.swift in Sources */,
				3D0FA0A228AA3425000DF2A3 /* MockUrlProtocol.swift in Sources */,
			);
			runOnlyForDeploymentPostprocessing = 0;
		};
		3DF405E928A3DD5D007F1473 /* Sources */ = {
			isa = PBXSourcesBuildPhase;
			buildActionMask = 2147483647;
			files = (
				3DF405F228A3DD5D007F1473 /* WeatherAppUITests.swift in Sources */,
				3DF405F428A3DD5D007F1473 /* WeatherAppUITestsLaunchTests.swift in Sources */,
			);
			runOnlyForDeploymentPostprocessing = 0;
		};
/* End PBXSourcesBuildPhase section */

/* Begin PBXTargetDependency section */
		3DF405E528A3DD5D007F1473 /* PBXTargetDependency */ = {
			isa = PBXTargetDependency;
			target = 3DF405D228A3DD5A007F1473 /* WeatherApp */;
			targetProxy = 3DF405E428A3DD5D007F1473 /* PBXContainerItemProxy */;
		};
		3DF405EF28A3DD5D007F1473 /* PBXTargetDependency */ = {
			isa = PBXTargetDependency;
			target = 3DF405D228A3DD5A007F1473 /* WeatherApp */;
			targetProxy = 3DF405EE28A3DD5D007F1473 /* PBXContainerItemProxy */;
		};
/* End PBXTargetDependency section */

/* Begin XCBuildConfiguration section */
		3DF405F528A3DD5D007F1473 /* Debug */ = {
			isa = XCBuildConfiguration;
			buildSettings = {
				ALWAYS_SEARCH_USER_PATHS = NO;
				CLANG_ANALYZER_NONNULL = YES;
				CLANG_ANALYZER_NUMBER_OBJECT_CONVERSION = YES_AGGRESSIVE;
				CLANG_CXX_LANGUAGE_STANDARD = "gnu++17";
				CLANG_ENABLE_MODULES = YES;
				CLANG_ENABLE_OBJC_ARC = YES;
				CLANG_ENABLE_OBJC_WEAK = YES;
				CLANG_WARN_BLOCK_CAPTURE_AUTORELEASING = YES;
				CLANG_WARN_BOOL_CONVERSION = YES;
				CLANG_WARN_COMMA = YES;
				CLANG_WARN_CONSTANT_CONVERSION = YES;
				CLANG_WARN_DEPRECATED_OBJC_IMPLEMENTATIONS = YES;
				CLANG_WARN_DIRECT_OBJC_ISA_USAGE = YES_ERROR;
				CLANG_WARN_DOCUMENTATION_COMMENTS = YES;
				CLANG_WARN_EMPTY_BODY = YES;
				CLANG_WARN_ENUM_CONVERSION = YES;
				CLANG_WARN_INFINITE_RECURSION = YES;
				CLANG_WARN_INT_CONVERSION = YES;
				CLANG_WARN_NON_LITERAL_NULL_CONVERSION = YES;
				CLANG_WARN_OBJC_IMPLICIT_RETAIN_SELF = YES;
				CLANG_WARN_OBJC_LITERAL_CONVERSION = YES;
				CLANG_WARN_OBJC_ROOT_CLASS = YES_ERROR;
				CLANG_WARN_QUOTED_INCLUDE_IN_FRAMEWORK_HEADER = YES;
				CLANG_WARN_RANGE_LOOP_ANALYSIS = YES;
				CLANG_WARN_STRICT_PROTOTYPES = YES;
				CLANG_WARN_SUSPICIOUS_MOVE = YES;
				CLANG_WARN_UNGUARDED_AVAILABILITY = YES_AGGRESSIVE;
				CLANG_WARN_UNREACHABLE_CODE = YES;
				CLANG_WARN__DUPLICATE_METHOD_MATCH = YES;
				COPY_PHASE_STRIP = NO;
				DEBUG_INFORMATION_FORMAT = dwarf;
				ENABLE_STRICT_OBJC_MSGSEND = YES;
				ENABLE_TESTABILITY = YES;
				GCC_C_LANGUAGE_STANDARD = gnu11;
				GCC_DYNAMIC_NO_PIC = NO;
				GCC_NO_COMMON_BLOCKS = YES;
				GCC_OPTIMIZATION_LEVEL = 0;
				GCC_PREPROCESSOR_DEFINITIONS = (
					"DEBUG=1",
					"$(inherited)",
				);
				GCC_WARN_64_TO_32_BIT_CONVERSION = YES;
				GCC_WARN_ABOUT_RETURN_TYPE = YES_ERROR;
				GCC_WARN_UNDECLARED_SELECTOR = YES;
				GCC_WARN_UNINITIALIZED_AUTOS = YES_AGGRESSIVE;
				GCC_WARN_UNUSED_FUNCTION = YES;
				GCC_WARN_UNUSED_VARIABLE = YES;
				IPHONEOS_DEPLOYMENT_TARGET = 15.5;
				MTL_ENABLE_DEBUG_INFO = INCLUDE_SOURCE;
				MTL_FAST_MATH = YES;
				ONLY_ACTIVE_ARCH = YES;
				SDKROOT = iphoneos;
				SWIFT_ACTIVE_COMPILATION_CONDITIONS = DEBUG;
				SWIFT_OPTIMIZATION_LEVEL = "-Onone";
			};
			name = Debug;
		};
		3DF405F628A3DD5D007F1473 /* Release */ = {
			isa = XCBuildConfiguration;
			buildSettings = {
				ALWAYS_SEARCH_USER_PATHS = NO;
				CLANG_ANALYZER_NONNULL = YES;
				CLANG_ANALYZER_NUMBER_OBJECT_CONVERSION = YES_AGGRESSIVE;
				CLANG_CXX_LANGUAGE_STANDARD = "gnu++17";
				CLANG_ENABLE_MODULES = YES;
				CLANG_ENABLE_OBJC_ARC = YES;
				CLANG_ENABLE_OBJC_WEAK = YES;
				CLANG_WARN_BLOCK_CAPTURE_AUTORELEASING = YES;
				CLANG_WARN_BOOL_CONVERSION = YES;
				CLANG_WARN_COMMA = YES;
				CLANG_WARN_CONSTANT_CONVERSION = YES;
				CLANG_WARN_DEPRECATED_OBJC_IMPLEMENTATIONS = YES;
				CLANG_WARN_DIRECT_OBJC_ISA_USAGE = YES_ERROR;
				CLANG_WARN_DOCUMENTATION_COMMENTS = YES;
				CLANG_WARN_EMPTY_BODY = YES;
				CLANG_WARN_ENUM_CONVERSION = YES;
				CLANG_WARN_INFINITE_RECURSION = YES;
				CLANG_WARN_INT_CONVERSION = YES;
				CLANG_WARN_NON_LITERAL_NULL_CONVERSION = YES;
				CLANG_WARN_OBJC_IMPLICIT_RETAIN_SELF = YES;
				CLANG_WARN_OBJC_LITERAL_CONVERSION = YES;
				CLANG_WARN_OBJC_ROOT_CLASS = YES_ERROR;
				CLANG_WARN_QUOTED_INCLUDE_IN_FRAMEWORK_HEADER = YES;
				CLANG_WARN_RANGE_LOOP_ANALYSIS = YES;
				CLANG_WARN_STRICT_PROTOTYPES = YES;
				CLANG_WARN_SUSPICIOUS_MOVE = YES;
				CLANG_WARN_UNGUARDED_AVAILABILITY = YES_AGGRESSIVE;
				CLANG_WARN_UNREACHABLE_CODE = YES;
				CLANG_WARN__DUPLICATE_METHOD_MATCH = YES;
				COPY_PHASE_STRIP = NO;
				DEBUG_INFORMATION_FORMAT = "dwarf-with-dsym";
				ENABLE_NS_ASSERTIONS = NO;
				ENABLE_STRICT_OBJC_MSGSEND = YES;
				GCC_C_LANGUAGE_STANDARD = gnu11;
				GCC_NO_COMMON_BLOCKS = YES;
				GCC_WARN_64_TO_32_BIT_CONVERSION = YES;
				GCC_WARN_ABOUT_RETURN_TYPE = YES_ERROR;
				GCC_WARN_UNDECLARED_SELECTOR = YES;
				GCC_WARN_UNINITIALIZED_AUTOS = YES_AGGRESSIVE;
				GCC_WARN_UNUSED_FUNCTION = YES;
				GCC_WARN_UNUSED_VARIABLE = YES;
				IPHONEOS_DEPLOYMENT_TARGET = 15.5;
				MTL_ENABLE_DEBUG_INFO = NO;
				MTL_FAST_MATH = YES;
				SDKROOT = iphoneos;
				SWIFT_COMPILATION_MODE = wholemodule;
				SWIFT_OPTIMIZATION_LEVEL = "-O";
				VALIDATE_PRODUCT = YES;
			};
			name = Release;
		};
		3DF405F828A3DD5D007F1473 /* Debug */ = {
			isa = XCBuildConfiguration;
			buildSettings = {
				ASSETCATALOG_COMPILER_APPICON_NAME = AppIcon;
				ASSETCATALOG_COMPILER_GLOBAL_ACCENT_COLOR_NAME = AccentColor;
				CODE_SIGN_STYLE = Automatic;
				CURRENT_PROJECT_VERSION = 1;
				DEVELOPMENT_ASSET_PATHS = "\"WeatherApp/Preview Content\"";
				ENABLE_PREVIEWS = YES;
				GENERATE_INFOPLIST_FILE = YES;
				INFOPLIST_KEY_UIApplicationSceneManifest_Generation = YES;
				INFOPLIST_KEY_UIApplicationSupportsIndirectInputEvents = YES;
				INFOPLIST_KEY_UILaunchScreen_Generation = YES;
				INFOPLIST_KEY_UISupportedInterfaceOrientations_iPad = "UIInterfaceOrientationPortrait UIInterfaceOrientationPortraitUpsideDown UIInterfaceOrientationLandscapeLeft UIInterfaceOrientationLandscapeRight";
				INFOPLIST_KEY_UISupportedInterfaceOrientations_iPhone = "UIInterfaceOrientationPortrait UIInterfaceOrientationLandscapeLeft UIInterfaceOrientationLandscapeRight";
				LD_RUNPATH_SEARCH_PATHS = (
					"$(inherited)",
					"@executable_path/Frameworks",
				);
				MARKETING_VERSION = 1.0;
				PRODUCT_BUNDLE_IDENTIFIER = com.example.apple.WeatherApp;
				PRODUCT_NAME = "$(TARGET_NAME)";
				SWIFT_EMIT_LOC_STRINGS = YES;
				SWIFT_VERSION = 5.0;
				TARGETED_DEVICE_FAMILY = "1,2";
			};
			name = Debug;
		};
		3DF405F928A3DD5D007F1473 /* Release */ = {
			isa = XCBuildConfiguration;
			buildSettings = {
				ASSETCATALOG_COMPILER_APPICON_NAME = AppIcon;
				ASSETCATALOG_COMPILER_GLOBAL_ACCENT_COLOR_NAME = AccentColor;
				CODE_SIGN_STYLE = Automatic;
				CURRENT_PROJECT_VERSION = 1;
				DEVELOPMENT_ASSET_PATHS = "\"WeatherApp/Preview Content\"";
				ENABLE_PREVIEWS = YES;
				GENERATE_INFOPLIST_FILE = YES;
				INFOPLIST_KEY_UIApplicationSceneManifest_Generation = YES;
				INFOPLIST_KEY_UIApplicationSupportsIndirectInputEvents = YES;
				INFOPLIST_KEY_UILaunchScreen_Generation = YES;
				INFOPLIST_KEY_UISupportedInterfaceOrientations_iPad = "UIInterfaceOrientationPortrait UIInterfaceOrientationPortraitUpsideDown UIInterfaceOrientationLandscapeLeft UIInterfaceOrientationLandscapeRight";
				INFOPLIST_KEY_UISupportedInterfaceOrientations_iPhone = "UIInterfaceOrientationPortrait UIInterfaceOrientationLandscapeLeft UIInterfaceOrientationLandscapeRight";
				LD_RUNPATH_SEARCH_PATHS = (
					"$(inherited)",
					"@executable_path/Frameworks",
				);
				MARKETING_VERSION = 1.0;
				PRODUCT_BUNDLE_IDENTIFIER = com.example.apple.WeatherApp;
				PRODUCT_NAME = "$(TARGET_NAME)";
				SWIFT_EMIT_LOC_STRINGS = YES;
				SWIFT_VERSION = 5.0;
				TARGETED_DEVICE_FAMILY = "1,2";
			};
			name = Release;
		};
		3DF405FB28A3DD5D007F1473 /* Debug */ = {
			isa = XCBuildConfiguration;
			buildSettings = {
				ALWAYS_EMBED_SWIFT_STANDARD_LIBRARIES = YES;
				BUNDLE_LOADER = "$(TEST_HOST)";
				CODE_SIGN_STYLE = Automatic;
				CURRENT_PROJECT_VERSION = 1;
				GENERATE_INFOPLIST_FILE = YES;
				IPHONEOS_DEPLOYMENT_TARGET = 15.5;
				MARKETING_VERSION = 1.0;
				PRODUCT_BUNDLE_IDENTIFIER = com.example.apple.WeatherAppTests;
				PRODUCT_NAME = "$(TARGET_NAME)";
				SWIFT_EMIT_LOC_STRINGS = NO;
				SWIFT_VERSION = 5.0;
				TARGETED_DEVICE_FAMILY = "1,2";
				TEST_HOST = "$(BUILT_PRODUCTS_DIR)/WeatherApp.app/WeatherApp";
			};
			name = Debug;
		};
		3DF405FC28A3DD5D007F1473 /* Release */ = {
			isa = XCBuildConfiguration;
			buildSettings = {
				ALWAYS_EMBED_SWIFT_STANDARD_LIBRARIES = YES;
				BUNDLE_LOADER = "$(TEST_HOST)";
				CODE_SIGN_STYLE = Automatic;
				CURRENT_PROJECT_VERSION = 1;
				GENERATE_INFOPLIST_FILE = YES;
				IPHONEOS_DEPLOYMENT_TARGET = 15.5;
				MARKETING_VERSION = 1.0;
				PRODUCT_BUNDLE_IDENTIFIER = com.example.apple.WeatherAppTests;
				PRODUCT_NAME = "$(TARGET_NAME)";
				SWIFT_EMIT_LOC_STRINGS = NO;
				SWIFT_VERSION = 5.0;
				TARGETED_DEVICE_FAMILY = "1,2";
				TEST_HOST = "$(BUILT_PRODUCTS_DIR)/WeatherApp.app/WeatherApp";
			};
			name = Release;
		};
		3DF405FE28A3DD5D007F1473 /* Debug */ = {
			isa = XCBuildConfiguration;
			buildSettings = {
				ALWAYS_EMBED_SWIFT_STANDARD_LIBRARIES = YES;
				CODE_SIGN_STYLE = Automatic;
				CURRENT_PROJECT_VERSION = 1;
				GENERATE_INFOPLIST_FILE = YES;
				MARKETING_VERSION = 1.0;
				PRODUCT_BUNDLE_IDENTIFIER = com.example.apple.WeatherAppUITests;
				PRODUCT_NAME = "$(TARGET_NAME)";
				SWIFT_EMIT_LOC_STRINGS = NO;
				SWIFT_VERSION = 5.0;
				TARGETED_DEVICE_FAMILY = "1,2";
				TEST_TARGET_NAME = WeatherApp;
			};
			name = Debug;
		};
		3DF405FF28A3DD5D007F1473 /* Release */ = {
			isa = XCBuildConfiguration;
			buildSettings = {
				ALWAYS_EMBED_SWIFT_STANDARD_LIBRARIES = YES;
				CODE_SIGN_STYLE = Automatic;
				CURRENT_PROJECT_VERSION = 1;
				GENERATE_INFOPLIST_FILE = YES;
				MARKETING_VERSION = 1.0;
				PRODUCT_BUNDLE_IDENTIFIER = com.example.apple.WeatherAppUITests;
				PRODUCT_NAME = "$(TARGET_NAME)";
				SWIFT_EMIT_LOC_STRINGS = NO;
				SWIFT_VERSION = 5.0;
				TARGETED_DEVICE_FAMILY = "1,2";
				TEST_TARGET_NAME = WeatherApp;
			};
			name = Release;
		};
/* End XCBuildConfiguration section */

/* Begin XCConfigurationList section */
		3DF405CE28A3DD5A007F1473 /* Build configuration list for PBXProject "WeatherApp" */ = {
			isa = XCConfigurationList;
			buildConfigurations = (
				3DF405F528A3DD5D007F1473 /* Debug */,
				3DF405F628A3DD5D007F1473 /* Release */,
			);
			defaultConfigurationIsVisible = 0;
			defaultConfigurationName = Release;
		};
		3DF405F728A3DD5D007F1473 /* Build configuration list for PBXNativeTarget "WeatherApp" */ = {
			isa = XCConfigurationList;
			buildConfigurations = (
				3DF405F828A3DD5D007F1473 /* Debug */,
				3DF405F928A3DD5D007F1473 /* Release */,
			);
			defaultConfigurationIsVisible = 0;
			defaultConfigurationName = Release;
		};
		3DF405FA28A3DD5D007F1473 /* Build configuration list for PBXNativeTarget "WeatherAppTests" */ = {
			isa = XCConfigurationList;
			buildConfigurations = (
				3DF405FB28A3DD5D007F1473 /* Debug */,
				3DF405FC28A3DD5D007F1473 /* Release */,
			);
			defaultConfigurationIsVisible = 0;
			defaultConfigurationName = Release;
		};
		3DF405FD28A3DD5D007F1473 /* Build configuration list for PBXNativeTarget "WeatherAppUITests" */ = {
			isa = XCConfigurationList;
			buildConfigurations = (
				3DF405FE28A3DD5D007F1473 /* Debug */,
				3DF405FF28A3DD5D007F1473 /* Release */,
			);
			defaultConfigurationIsVisible = 0;
			defaultConfigurationName = Release;
		};
/* End XCConfigurationList section */

/* Begin XCVersionGroup section */
		3D39386628AB7F710092F4E0 /* Database.xcdatamodeld */ = {
			isa = XCVersionGroup;
			children = (
				3D39386728AB7F710092F4E0 /* Databse.xcdatamodel */,
			);
			currentVersion = 3D39386728AB7F710092F4E0 /* Databse.xcdatamodel */;
			path = Database.xcdatamodeld;
			sourceTree = "<group>";
			versionGroupType = wrapper.xcdatamodel;
		};
/* End XCVersionGroup section */
	};
	rootObject = 3DF405CB28A3DD5A007F1473 /* Project object */;
}
